
Microsoft Visual Studio Solution File, Format Version 12.00
# Visual Studio Version 16
VisualStudioVersion = 16.0.32228.343
MinimumVisualStudioVersion = 10.0.40219.1
Project("{8BC9CEB8-8B4A-11D0-8D11-00A0C91BC942}") = "c_frameworkstudy0.2", "c_frameworkstudy0.2\c_frameworkstudy0.2.vcxproj", "{D7B3409C-9C19-4B3C-AB67-785443BD70BA}"
EndProject
Global
	GlobalSection(SolutionConfigurationPlatforms) = preSolution
		Debug|x64 = Debug|x64
		Debug|x86 = Debug|x86
		Release|x64 = Release|x64
		Release|x86 = Release|x86
	EndGlobalSection
	GlobalSection(ProjectConfigurationPlatforms) = postSolution
		{D7B3409C-9C19-4B3C-AB67-785443BD70BA}.Debug|x64.ActiveCfg = Debug|x64
		{D7B3409C-9C19-4B3C-AB67-785443BD70BA}.Debug|x64.Build.0 = Debug|x64
		{D7B3409C-9C19-4B3C-AB67-785443BD70BA}.Debug|x86.ActiveCfg = Debug|Win32
		{D7B3409C-9C19-4B3C-AB67-785443BD70BA}.Debug|x86.Build.0 = Debug|Win32
		{D7B3409C-9C19-4B3C-AB67-785443BD70BA}.Release|x64.ActiveCfg = Release|x64
		{D7B3409C-9C19-4B3C-AB67-785443BD70BA}.Release|x64.Build.0 = Release|x64
		{D7B3409C-9C19-4B3C-AB67-785443BD70BA}.Release|x86.ActiveCfg = Release|Win32
		{D7B3409C-9C19-4B3C-AB67-785443BD70BA}.Release|x86.Build.0 = Release|Win32
	EndGlobalSection
	GlobalSection(SolutionProperties) = preSolution
		HideSolutionNode = FALSE
	EndGlobalSection
	GlobalSection(ExtensibilityGlobals) = postSolution
		SolutionGuid = {5D1BA4E0-888D-4803-8BFF-B0FA0E78868B}
	EndGlobalSection
EndGlobal
