
Microsoft Visual Studio Solution File, Format Version 12.00
# Visual Studio Version 16
VisualStudioVersion = 16.0.32228.343
MinimumVisualStudioVersion = 10.0.40219.1
Project("{8BC9CEB8-8B4A-11D0-8D11-00A0C91BC942}") = "step_11", "step_11\step_11.vcxproj", "{A8928414-9C9D-4605-AC83-FDCEA0BEC25B}"
EndProject
Global
	GlobalSection(SolutionConfigurationPlatforms) = preSolution
		Debug|x64 = Debug|x64
		Debug|x86 = Debug|x86
		Release|x64 = Release|x64
		Release|x86 = Release|x86
	EndGlobalSection
	GlobalSection(ProjectConfigurationPlatforms) = postSolution
		{A8928414-9C9D-4605-AC83-FDCEA0BEC25B}.Debug|x64.ActiveCfg = Debug|x64
		{A8928414-9C9D-4605-AC83-FDCEA0BEC25B}.Debug|x64.Build.0 = Debug|x64
		{A8928414-9C9D-4605-AC83-FDCEA0BEC25B}.Debug|x86.ActiveCfg = Debug|Win32
		{A8928414-9C9D-4605-AC83-FDCEA0BEC25B}.Debug|x86.Build.0 = Debug|Win32
		{A8928414-9C9D-4605-AC83-FDCEA0BEC25B}.Release|x64.ActiveCfg = Release|x64
		{A8928414-9C9D-4605-AC83-FDCEA0BEC25B}.Release|x64.Build.0 = Release|x64
		{A8928414-9C9D-4605-AC83-FDCEA0BEC25B}.Release|x86.ActiveCfg = Release|Win32
		{A8928414-9C9D-4605-AC83-FDCEA0BEC25B}.Release|x86.Build.0 = Release|Win32
	EndGlobalSection
	GlobalSection(SolutionProperties) = preSolution
		HideSolutionNode = FALSE
	EndGlobalSection
	GlobalSection(ExtensibilityGlobals) = postSolution
		SolutionGuid = {F68C4392-B629-4233-B122-D4E85211BCFA}
	EndGlobalSection
EndGlobal
